
Microsoft Visual Studio Solution File, Format Version 12.00
# Visual Studio Version 17
VisualStudioVersion = 17.14.36915.13 d17.14
MinimumVisualStudioVersion = 10.0.40219.1
Project("{FAE04EC0-301F-11D3-BF4B-00C04F79EFBC}") = "WindowsFormsApp1", "WindowsFormsApp1\WindowsFormsApp1.csproj", "{031EE3AC-1047-4EE1-B07C-03ADA2B6BC21}"
EndProject
Global
	GlobalSection(SolutionConfigurationPlatforms) = preSolution
		Debug|Any CPU = Debug|Any CPU
		Release|Any CPU = Release|Any CPU
	EndGlobalSection
	GlobalSection(ProjectConfigurationPlatforms) = postSolution
		{031EE3AC-1047-4EE1-B07C-03ADA2B6BC21}.Debug|Any CPU.ActiveCfg = Debug|Any CPU
		{031EE3AC-1047-4EE1-B07C-03ADA2B6BC21}.Debug|Any CPU.Build.0 = Debug|Any CPU
		{031EE3AC-1047-4EE1-B07C-03ADA2B6BC21}.Release|Any CPU.ActiveCfg = Release|Any CPU
		{031EE3AC-1047-4EE1-B07C-03ADA2B6BC21}.Release|Any CPU.Build.0 = Release|Any CPU
	EndGlobalSection
	GlobalSection(SolutionProperties) = preSolution
		HideSolutionNode = FALSE
	EndGlobalSection
	GlobalSection(ExtensibilityGlobals) = postSolution
		SolutionGuid = {6986B7FF-C090-4135-B165-B6C366A5B806}
	EndGlobalSection
EndGlobal
