
Microsoft Visual Studio Solution File, Format Version 12.00
# Visual Studio Version 17
VisualStudioVersion = 17.14.36915.13 d17.14
MinimumVisualStudioVersion = 10.0.40219.1
Project("{FAE04EC0-301F-11D3-BF4B-00C04F79EFBC}") = "Review-Q1", "Review-Q1\Review-Q1.csproj", "{37641354-E8B8-4848-9BD6-A68993EC1523}"
EndProject
Global
	GlobalSection(SolutionConfigurationPlatforms) = preSolution
		Debug|Any CPU = Debug|Any CPU
		Release|Any CPU = Release|Any CPU
	EndGlobalSection
	GlobalSection(ProjectConfigurationPlatforms) = postSolution
		{37641354-E8B8-4848-9BD6-A68993EC1523}.Debug|Any CPU.ActiveCfg = Debug|Any CPU
		{37641354-E8B8-4848-9BD6-A68993EC1523}.Debug|Any CPU.Build.0 = Debug|Any CPU
		{37641354-E8B8-4848-9BD6-A68993EC1523}.Release|Any CPU.ActiveCfg = Release|Any CPU
		{37641354-E8B8-4848-9BD6-A68993EC1523}.Release|Any CPU.Build.0 = Release|Any CPU
	EndGlobalSection
	GlobalSection(SolutionProperties) = preSolution
		HideSolutionNode = FALSE
	EndGlobalSection
	GlobalSection(ExtensibilityGlobals) = postSolution
		SolutionGuid = {1A43932B-BD3A-457E-8508-21055DEE6F7B}
	EndGlobalSection
EndGlobal
