
Microsoft Visual Studio Solution File, Format Version 12.00
# Visual Studio Version 17
VisualStudioVersion = 17.14.36915.13 d17.14
MinimumVisualStudioVersion = 10.0.40219.1
Project("{FAE04EC0-301F-11D3-BF4B-00C04F79EFBC}") = "WindowsFormsApp1", "WindowsFormsApp1\WindowsFormsApp1.csproj", "{E87BBEB1-41FA-4480-85D0-0B2ECC2AA59A}"
EndProject
Global
	GlobalSection(SolutionConfigurationPlatforms) = preSolution
		Debug|Any CPU = Debug|Any CPU
		Release|Any CPU = Release|Any CPU
	EndGlobalSection
	GlobalSection(ProjectConfigurationPlatforms) = postSolution
		{E87BBEB1-41FA-4480-85D0-0B2ECC2AA59A}.Debug|Any CPU.ActiveCfg = Debug|Any CPU
		{E87BBEB1-41FA-4480-85D0-0B2ECC2AA59A}.Debug|Any CPU.Build.0 = Debug|Any CPU
		{E87BBEB1-41FA-4480-85D0-0B2ECC2AA59A}.Release|Any CPU.ActiveCfg = Release|Any CPU
		{E87BBEB1-41FA-4480-85D0-0B2ECC2AA59A}.Release|Any CPU.Build.0 = Release|Any CPU
	EndGlobalSection
	GlobalSection(SolutionProperties) = preSolution
		HideSolutionNode = FALSE
	EndGlobalSection
	GlobalSection(ExtensibilityGlobals) = postSolution
		SolutionGuid = {40A066F5-EFF4-4BB4-A931-C23EEF3C3055}
	EndGlobalSection
EndGlobal
